
Microsoft Visual Studio Solution File, Format Version 12.00
# Visual Studio Version 16
VisualStudioVersion = 16.0.29613.14
MinimumVisualStudioVersion = 10.0.40219.1
Project("{FAE04EC0-301F-11D3-BF4B-00C04F79EFBC}") = "StudentLife", "StudentLife\StudentLife.csproj", "{026D2422-9307-4BD8-87BE-BAD1CA3460EF}"
EndProject
Global
	GlobalSection(SolutionConfigurationPlatforms) = preSolution
		Debug|Any CPU = Debug|Any CPU
		Release|Any CPU = Release|Any CPU
	EndGlobalSection
	GlobalSection(ProjectConfigurationPlatforms) = postSolution
		{026D2422-9307-4BD8-87BE-BAD1CA3460EF}.Debug|Any CPU.ActiveCfg = Debug|Any CPU
		{026D2422-9307-4BD8-87BE-BAD1CA3460EF}.Debug|Any CPU.Build.0 = Debug|Any CPU
		{026D2422-9307-4BD8-87BE-BAD1CA3460EF}.Release|Any CPU.ActiveCfg = Release|Any CPU
		{026D2422-9307-4BD8-87BE-BAD1CA3460EF}.Release|Any CPU.Build.0 = Release|Any CPU
	EndGlobalSection
	GlobalSection(SolutionProperties) = preSolution
		HideSolutionNode = FALSE
	EndGlobalSection
	GlobalSection(ExtensibilityGlobals) = postSolution
		SolutionGuid = {92D23C13-6FD3-408D-AAF5-58EBB1B1650B}
	EndGlobalSection
EndGlobal
